# This file is automatically @generated by Cargo.
# It is not intended for manual editing.
version = 4

[[package]]
name = "rfa-codec"
version = "0.1.0"

[[package]]
name = "rfa-feature-unification-app"
version = "0.1.0"
dependencies = [
 "rfa-reader",
 "rfa-writer",
]

[[package]]
name = "rfa-reader"
version = "0.1.0"
dependencies = [
 "rfa-codec",
]

[[package]]
name = "rfa-writer"
version = "0.1.0"
dependencies = [
 "rfa-codec",
]
