# This file is automatically @generated by Cargo.
# It is not intended for manual editing.
version = 4

[[package]]
name = "rfa-app"
version = "0.1.0"
dependencies = [
 "rfa-wrapper",
]

[[package]]
name = "rfa-native-sys"
version = "0.1.0"

[[package]]
name = "rfa-wrapper"
version = "0.1.0"
dependencies = [
 "rfa-native-sys",
]
