# This file is automatically @generated by Cargo.
# It is not intended for manual editing.
version = 4

[[package]]
name = "app"
version = "0.1.0"
dependencies = [
 "part00",
 "part01",
 "part02",
 "part03",
 "part04",
 "part05",
 "part06",
 "part07",
 "part08",
 "part09",
 "part10",
 "part11",
]

[[package]]
name = "part00"
version = "0.1.0"
dependencies = [
 "shared",
]

[[package]]
name = "part01"
version = "0.1.0"
dependencies = [
 "shared",
]

[[package]]
name = "part02"
version = "0.1.0"
dependencies = [
 "shared",
]

[[package]]
name = "part03"
version = "0.1.0"
dependencies = [
 "shared",
]

[[package]]
name = "part04"
version = "0.1.0"
dependencies = [
 "shared",
]

[[package]]
name = "part05"
version = "0.1.0"
dependencies = [
 "shared",
]

[[package]]
name = "part06"
version = "0.1.0"
dependencies = [
 "shared",
]

[[package]]
name = "part07"
version = "0.1.0"
dependencies = [
 "shared",
]

[[package]]
name = "part08"
version = "0.1.0"
dependencies = [
 "shared",
]

[[package]]
name = "part09"
version = "0.1.0"
dependencies = [
 "shared",
]

[[package]]
name = "part10"
version = "0.1.0"
dependencies = [
 "shared",
]

[[package]]
name = "part11"
version = "0.1.0"
dependencies = [
 "shared",
]

[[package]]
name = "shared"
version = "0.1.0"
