# This file is automatically @generated by Cargo.
# It is not intended for manual editing.
version = 4

[[package]]
name = "rfa-duplicate-version-app"
version = "0.1.0"
dependencies = [
 "rfa-model 0.1.0",
 "rfa-model 0.2.0",
]

[[package]]
name = "rfa-model"
version = "0.1.0"

[[package]]
name = "rfa-model"
version = "0.2.0"
