# This file is automatically @generated by Cargo.
# It is not intended for manual editing.
version = 4

[[package]]
name = "rfa-links-conflict-app"
version = "0.1.0"
dependencies = [
 "rfa-wrapper-one",
 "rfa-wrapper-two",
]

[[package]]
name = "rfa-native-sys"
version = "0.1.0"

[[package]]
name = "rfa-wrapper-one"
version = "0.1.0"
dependencies = [
 "rfa-native-sys",
]

[[package]]
name = "rfa-wrapper-two"
version = "0.1.0"
dependencies = [
 "rfa-native-sys",
]
